
Microsoft Visual Studio Solution File, Format Version 11.00
# Visual Studio 2010
Project("{FAE04EC0-301F-11D3-BF4B-00C04F79EFBC}") = "test_iTextSharp", "test_iTextSharp.csproj", "{82551A2B-7B64-4E6C-B6B4-F390B9D28CAF}"
EndProject
Global
	GlobalSection(SolutionConfigurationPlatforms) = preSolution
		Debug|Any CPU = Debug|Any CPU
		Release|Any CPU = Release|Any CPU
	EndGlobalSection
	GlobalSection(ProjectConfigurationPlatforms) = postSolution
		{82551A2B-7B64-4E6C-B6B4-F390B9D28CAF}.Debug|Any CPU.ActiveCfg = Debug|Any CPU
		{82551A2B-7B64-4E6C-B6B4-F390B9D28CAF}.Debug|Any CPU.Build.0 = Debug|Any CPU
		{82551A2B-7B64-4E6C-B6B4-F390B9D28CAF}.Release|Any CPU.ActiveCfg = Release|Any CPU
		{82551A2B-7B64-4E6C-B6B4-F390B9D28CAF}.Release|Any CPU.Build.0 = Release|Any CPU
	EndGlobalSection
	GlobalSection(SolutionProperties) = preSolution
		HideSolutionNode = FALSE
	EndGlobalSection
EndGlobal
